// !$*UTF8*$!
{
	archiveVersion = 1;
	classes = {
	};
	objectVersion = 50;
	objects = {

/* Begin PBXBuildFile section */
		AC6FC4E126FCD61D001D8D00 /* Integration_c__App.swift in Sources */ = {isa = PBXBuildFile; fileRef = AC6FC4E026FCD61D001D8D00 /* Integration_c__App.swift */; };
		AC6FC4E326FCD61D001D8D00 /* ContentView.swift in Sources */ = {isa = PBXBuildFile; fileRef = AC6FC4E226FCD61D001D8D00 /* ContentView.swift */; };
		AC6FC4E526FCD61E001D8D00 /* Assets.xcassets in Resources */ = {isa = PBXBuildFile; fileRef = AC6FC4E426FCD61E001D8D00 /* Assets.xcassets */; };
		AC6FC4E826FCD61E001D8D00 /* Preview Assets.xcassets in Resources */ = {isa = PBXBuildFile; fileRef = AC6FC4E726FCD61E001D8D00 /* Preview Assets.xcassets */; };
		AC6FC4F326FCD61E001D8D00 /* Integration_c__Tests.swift in Sources */ = {isa = PBXBuildFile; fileRef = AC6FC4F226FCD61E001D8D00 /* Integration_c__Tests.swift */; };
		AC6FC4FE26FCD61E001D8D00 /* Integration_c__UITests.swift in Sources */ = {isa = PBXBuildFile; fileRef = AC6FC4FD26FCD61E001D8D00 /* Integration_c__UITests.swift */; };
		AC6FC50E26FCD699001D8D00 /* Helloworld.cpp in Sources */ = {isa = PBXBuildFile; fileRef = AC6FC50C26FCD699001D8D00 /* Helloworld.cpp */; };
		AC6FC51326FCD9B3001D8D00 /* HelloworldWrapper.mm in Sources */ = {isa = PBXBuildFile; fileRef = AC6FC51226FCD9B3001D8D00 /* HelloworldWrapper.mm */; };
/* End PBXBuildFile section */

/* Begin PBXContainerItemProxy section */
		AC6FC4EF26FCD61E001D8D00 /* PBXContainerItemProxy */ = {
			isa = PBXContainerItemProxy;
			containerPortal = AC6FC4D526FCD61D001D8D00 /* Project object */;
			proxyType = 1;
			remoteGlobalIDString = AC6FC4DC26FCD61D001D8D00;
			remoteInfo = "Integration_c++";
		};
		AC6FC4FA26FCD61E001D8D00 /* PBXContainerItemProxy */ = {
			isa = PBXContainerItemProxy;
			containerPortal = AC6FC4D526FCD61D001D8D00 /* Project object */;
			proxyType = 1;
			remoteGlobalIDString = AC6FC4DC26FCD61D001D8D00;
			remoteInfo = "Integration_c++";
		};
/* End PBXContainerItemProxy section */

/* Begin PBXFileReference section */
		AC6FC4DD26FCD61D001D8D00 /* Integration_c++.app */ = {isa = PBXFileReference; explicitFileType = wrapper.application; includeInIndex = 0; path = "Integration_c++.app"; sourceTree = BUILT_PRODUCTS_DIR; };
		AC6FC4E026FCD61D001D8D00 /* Integration_c__App.swift */ = {isa = PBXFileReference; lastKnownFileType = sourcecode.swift; path = Integration_c__App.swift; sourceTree = "<group>"; };
		AC6FC4E226FCD61D001D8D00 /* ContentView.swift */ = {isa = PBXFileReference; lastKnownFileType = sourcecode.swift; path = ContentView.swift; sourceTree = "<group>"; };
		AC6FC4E426FCD61E001D8D00 /* Assets.xcassets */ = {isa = PBXFileReference; lastKnownFileType = folder.assetcatalog; path = Assets.xcassets; sourceTree = "<group>"; };
		AC6FC4E726FCD61E001D8D00 /* Preview Assets.xcassets */ = {isa = PBXFileReference; lastKnownFileType = folder.assetcatalog; path = "Preview Assets.xcassets"; sourceTree = "<group>"; };
		AC6FC4E926FCD61E001D8D00 /* Info.plist */ = {isa = PBXFileReference; lastKnownFileType = text.plist.xml; path = Info.plist; sourceTree = "<group>"; };
		AC6FC4EE26FCD61E001D8D00 /* Integration_c++Tests.xctest */ = {isa = PBXFileReference; explicitFileType = wrapper.cfbundle; includeInIndex = 0; path = "Integration_c++Tests.xctest"; sourceTree = BUILT_PRODUCTS_DIR; };
		AC6FC4F226FCD61E001D8D00 /* Integration_c__Tests.swift */ = {isa = PBXFileReference; lastKnownFileType = sourcecode.swift; path = Integration_c__Tests.swift; sourceTree = "<group>"; };
		AC6FC4F426FCD61E001D8D00 /* Info.plist */ = {isa = PBXFileReference; lastKnownFileType = text.plist.xml; path = Info.plist; sourceTree = "<group>"; };
		AC6FC4F926FCD61E001D8D00 /* Integration_c++UITests.xctest */ = {isa = PBXFileReference; explicitFileType = wrapper.cfbundle; includeInIndex = 0; path = "Integration_c++UITests.xctest"; sourceTree = BUILT_PRODUCTS_DIR; };
		AC6FC4FD26FCD61E001D8D00 /* Integration_c__UITests.swift */ = {isa = PBXFileReference; lastKnownFileType = sourcecode.swift; path = Integration_c__UITests.swift; sourceTree = "<group>"; };
		AC6FC4FF26FCD61E001D8D00 /* Info.plist */ = {isa = PBXFileReference; lastKnownFileType = text.plist.xml; path = Info.plist; sourceTree = "<group>"; };
		AC6FC50B26FCD699001D8D00 /* Integration_c++-Bridging-Header.h */ = {isa = PBXFileReference; lastKnownFileType = sourcecode.c.h; path = "Integration_c++-Bridging-Header.h"; sourceTree = "<group>"; };
		AC6FC50C26FCD699001D8D00 /* Helloworld.cpp */ = {isa = PBXFileReference; lastKnownFileType = sourcecode.cpp.cpp; path = Helloworld.cpp; sourceTree = "<group>"; };
		AC6FC50D26FCD699001D8D00 /* Helloworld.hpp */ = {isa = PBXFileReference; lastKnownFileType = sourcecode.cpp.h; path = Helloworld.hpp; sourceTree = "<group>"; };
		AC6FC50F26FCD93C001D8D00 /* HelloWorldWrapper.h */ = {isa = PBXFileReference; lastKnownFileType = sourcecode.c.h; path = HelloWorldWrapper.h; sourceTree = "<group>"; };
		AC6FC51226FCD9B3001D8D00 /* HelloworldWrapper.mm */ = {isa = PBXFileReference; lastKnownFileType = sourcecode.cpp.objcpp; path = HelloworldWrapper.mm; sourceTree = "<group>"; };
/* End PBXFileReference section */

/* Begin PBXFrameworksBuildPhase section */
		AC6FC4DA26FCD61D001D8D00 /* Frameworks */ = {
			isa = PBXFrameworksBuildPhase;
			buildActionMask = 2147483647;
			files = (
			);
			runOnlyForDeploymentPostprocessing = 0;
		};
		AC6FC4EB26FCD61E001D8D00 /* Frameworks */ = {
			isa = PBXFrameworksBuildPhase;
			buildActionMask = 2147483647;
			files = (
			);
			runOnlyForDeploymentPostprocessing = 0;
		};
		AC6FC4F626FCD61E001D8D00 /* Frameworks */ = {
			isa = PBXFrameworksBuildPhase;
			buildActionMask = 2147483647;
			files = (
			);
			runOnlyForDeploymentPostprocessing = 0;
		};
/* End PBXFrameworksBuildPhase section */

/* Begin PBXGroup section */
		AC6FC4D426FCD61D001D8D00 = {
			isa = PBXGroup;
			children = (
				AC6FC51226FCD9B3001D8D00 /* HelloworldWrapper.mm */,
				AC6FC4DF26FCD61D001D8D00 /* Integration_c++ */,
				AC6FC4F126FCD61E001D8D00 /* Integration_c++Tests */,
				AC6FC4FC26FCD61E001D8D00 /* Integration_c++UITests */,
				AC6FC4DE26FCD61D001D8D00 /* Products */,
			);
			sourceTree = "<group>";
		};
		AC6FC4DE26FCD61D001D8D00 /* Products */ = {
			isa = PBXGroup;
			children = (
				AC6FC4DD26FCD61D001D8D00 /* Integration_c++.app */,
				AC6FC4EE26FCD61E001D8D00 /* Integration_c++Tests.xctest */,
				AC6FC4F926FCD61E001D8D00 /* Integration_c++UITests.xctest */,
			);
			name = Products;
			sourceTree = "<group>";
		};
		AC6FC4DF26FCD61D001D8D00 /* Integration_c++ */ = {
			isa = PBXGroup;
			children = (
				AC6FC4E026FCD61D001D8D00 /* Integration_c__App.swift */,
				AC6FC4E226FCD61D001D8D00 /* ContentView.swift */,
				AC6FC4E426FCD61E001D8D00 /* Assets.xcassets */,
				AC6FC4E926FCD61E001D8D00 /* Info.plist */,
				AC6FC4E626FCD61E001D8D00 /* Preview Content */,
				AC6FC50C26FCD699001D8D00 /* Helloworld.cpp */,
				AC6FC50D26FCD699001D8D00 /* Helloworld.hpp */,
				AC6FC50B26FCD699001D8D00 /* Integration_c++-Bridging-Header.h */,
				AC6FC50F26FCD93C001D8D00 /* HelloWorldWrapper.h */,
			);
			path = "Integration_c++";
			sourceTree = "<group>";
		};
		AC6FC4E626FCD61E001D8D00 /* Preview Content */ = {
			isa = PBXGroup;
			children = (
				AC6FC4E726FCD61E001D8D00 /* Preview Assets.xcassets */,
			);
			path = "Preview Content";
			sourceTree = "<group>";
		};
		AC6FC4F126FCD61E001D8D00 /* Integration_c++Tests */ = {
			isa = PBXGroup;
			children = (
				AC6FC4F226FCD61E001D8D00 /* Integration_c__Tests.swift */,
				AC6FC4F426FCD61E001D8D00 /* Info.plist */,
			);
			path = "Integration_c++Tests";
			sourceTree = "<group>";
		};
		AC6FC4FC26FCD61E001D8D00 /* Integration_c++UITests */ = {
			isa = PBXGroup;
			children = (
				AC6FC4FD26FCD61E001D8D00 /* Integration_c__UITests.swift */,
				AC6FC4FF26FCD61E001D8D00 /* Info.plist */,
			);
			path = "Integration_c++UITests";
			sourceTree = "<group>";
		};
/* End PBXGroup section */

/* Begin PBXNativeTarget section */
		AC6FC4DC26FCD61D001D8D00 /* Integration_c++ */ = {
			isa = PBXNativeTarget;
			buildConfigurationList = AC6FC50226FCD61E001D8D00 /* Build configuration list for PBXNativeTarget "Integration_c++" */;
			buildPhases = (
				AC6FC4D926FCD61D001D8D00 /* Sources */,
				AC6FC4DA26FCD61D001D8D00 /* Frameworks */,
				AC6FC4DB26FCD61D001D8D00 /* Resources */,
			);
			buildRules = (
			);
			dependencies = (
			);
			name = "Integration_c++";
			productName = "Integration_c++";
			productReference = AC6FC4DD26FCD61D001D8D00 /* Integration_c++.app */;
			productType = "com.apple.product-type.application";
		};
		AC6FC4ED26FCD61E001D8D00 /* Integration_c++Tests */ = {
			isa = PBXNativeTarget;
			buildConfigurationList = AC6FC50526FCD61E001D8D00 /* Build configuration list for PBXNativeTarget "Integration_c++Tests" */;
			buildPhases = (
				AC6FC4EA26FCD61E001D8D00 /* Sources */,
				AC6FC4EB26FCD61E001D8D00 /* Frameworks */,
				AC6FC4EC26FCD61E001D8D00 /* Resources */,
			);
			buildRules = (
			);
			dependencies = (
				AC6FC4F026FCD61E001D8D00 /* PBXTargetDependency */,
			);
			name = "Integration_c++Tests";
			productName = "Integration_c++Tests";
			productReference = AC6FC4EE26FCD61E001D8D00 /* Integration_c++Tests.xctest */;
			productType = "com.apple.product-type.bundle.unit-test";
		};
		AC6FC4F826FCD61E001D8D00 /* Integration_c++UITests */ = {
			isa = PBXNativeTarget;
			buildConfigurationList = AC6FC50826FCD61E001D8D00 /* Build configuration list for PBXNativeTarget "Integration_c++UITests" */;
			buildPhases = (
				AC6FC4F526FCD61E001D8D00 /* Sources */,
				AC6FC4F626FCD61E001D8D00 /* Frameworks */,
				AC6FC4F726FCD61E001D8D00 /* Resources */,
			);
			buildRules = (
			);
			dependencies = (
				AC6FC4FB26FCD61E001D8D00 /* PBXTargetDependency */,
			);
			name = "Integration_c++UITests";
			productName = "Integration_c++UITests";
			productReference = AC6FC4F926FCD61E001D8D00 /* Integration_c++UITests.xctest */;
			productType = "com.apple.product-type.bundle.ui-testing";
		};
/* End PBXNativeTarget section */

/* Begin PBXProject section */
		AC6FC4D526FCD61D001D8D00 /* Project object */ = {
			isa = PBXProject;
			attributes = {
				LastSwiftUpdateCheck = 1250;
				LastUpgradeCheck = 1250;
				TargetAttributes = {
					AC6FC4DC26FCD61D001D8D00 = {
						CreatedOnToolsVersion = 12.5.1;
						LastSwiftMigration = 1250;
					};
					AC6FC4ED26FCD61E001D8D00 = {
						CreatedOnToolsVersion = 12.5.1;
						TestTargetID = AC6FC4DC26FCD61D001D8D00;
					};
					AC6FC4F826FCD61E001D8D00 = {
						CreatedOnToolsVersion = 12.5.1;
						TestTargetID = AC6FC4DC26FCD61D001D8D00;
					};
				};
			};
			buildConfigurationList = AC6FC4D826FCD61D001D8D00 /* Build configuration list for PBXProject "Integration_c++" */;
			compatibilityVersion = "Xcode 9.3";
			developmentRegion = en;
			hasScannedForEncodings = 0;
			knownRegions = (
				en,
				Base,
			);
			mainGroup = AC6FC4D426FCD61D001D8D00;
			productRefGroup = AC6FC4DE26FCD61D001D8D00 /* Products */;
			projectDirPath = "";
			projectRoot = "";
			targets = (
				AC6FC4DC26FCD61D001D8D00 /* Integration_c++ */,
				AC6FC4ED26FCD61E001D8D00 /* Integration_c++Tests */,
				AC6FC4F826FCD61E001D8D00 /* Integration_c++UITests */,
			);
		};
/* End PBXProject section */

/* Begin PBXResourcesBuildPhase section */
		AC6FC4DB26FCD61D001D8D00 /* Resources */ = {
			isa = PBXResourcesBuildPhase;
			buildActionMask = 2147483647;
			files = (
				AC6FC4E826FCD61E001D8D00 /* Preview Assets.xcassets in Resources */,
				AC6FC4E526FCD61E001D8D00 /* Assets.xcassets in Resources */,
			);
			runOnlyForDeploymentPostprocessing = 0;
		};
		AC6FC4EC26FCD61E001D8D00 /* Resources */ = {
			isa = PBXResourcesBuildPhase;
			buildActionMask = 2147483647;
			files = (
			);
			runOnlyForDeploymentPostprocessing = 0;
		};
		AC6FC4F726FCD61E001D8D00 /* Resources */ = {
			isa = PBXResourcesBuildPhase;
			buildActionMask = 2147483647;
			files = (
			);
			runOnlyForDeploymentPostprocessing = 0;
		};
/* End PBXResourcesBuildPhase section */

/* Begin PBXSourcesBuildPhase section */
		AC6FC4D926FCD61D001D8D00 /* Sources */ = {
			isa = PBXSourcesBuildPhase;
			buildActionMask = 2147483647;
			files = (
				AC6FC50E26FCD699001D8D00 /* Helloworld.cpp in Sources */,
				AC6FC4E326FCD61D001D8D00 /* ContentView.swift in Sources */,
				AC6FC4E126FCD61D001D8D00 /* Integration_c__App.swift in Sources */,
				AC6FC51326FCD9B3001D8D00 /* HelloworldWrapper.mm in Sources */,
			);
			runOnlyForDeploymentPostprocessing = 0;
		};
		AC6FC4EA26FCD61E001D8D00 /* Sources */ = {
			isa = PBXSourcesBuildPhase;
			buildActionMask = 2147483647;
			files = (
				AC6FC4F326FCD61E001D8D00 /* Integration_c__Tests.swift in Sources */,
			);
			runOnlyForDeploymentPostprocessing = 0;
		};
		AC6FC4F526FCD61E001D8D00 /* Sources */ = {
			isa = PBXSourcesBuildPhase;
			buildActionMask = 2147483647;
			files = (
				AC6FC4FE26FCD61E001D8D00 /* Integration_c__UITests.swift in Sources */,
			);
			runOnlyForDeploymentPostprocessing = 0;
		};
/* End PBXSourcesBuildPhase section */

/* Begin PBXTargetDependency section */
		AC6FC4F026FCD61E001D8D00 /* PBXTargetDependency */ = {
			isa = PBXTargetDependency;
			target = AC6FC4DC26FCD61D001D8D00 /* Integration_c++ */;
			targetProxy = AC6FC4EF26FCD61E001D8D00 /* PBXContainerItemProxy */;
		};
		AC6FC4FB26FCD61E001D8D00 /* PBXTargetDependency */ = {
			isa = PBXTargetDependency;
			target = AC6FC4DC26FCD61D001D8D00 /* Integration_c++ */;
			targetProxy = AC6FC4FA26FCD61E001D8D00 /* PBXContainerItemProxy */;
		};
/* End PBXTargetDependency section */

/* Begin XCBuildConfiguration section */
		AC6FC50026FCD61E001D8D00 /* Debug */ = {
			isa = XCBuildConfiguration;
			buildSettings = {
				ALWAYS_SEARCH_USER_PATHS = NO;
				CLANG_ANALYZER_NONNULL = YES;
				CLANG_ANALYZER_NUMBER_OBJECT_CONVERSION = YES_AGGRESSIVE;
				CLANG_CXX_LANGUAGE_STANDARD = "gnu++14";
				CLANG_CXX_LIBRARY = "libc++";
				CLANG_ENABLE_MODULES = YES;
				CLANG_ENABLE_OBJC_ARC = YES;
				CLANG_ENABLE_OBJC_WEAK = YES;
				CLANG_WARN_BLOCK_CAPTURE_AUTORELEASING = YES;
				CLANG_WARN_BOOL_CONVERSION = YES;
				CLANG_WARN_COMMA = YES;
				CLANG_WARN_CONSTANT_CONVERSION = YES;
				CLANG_WARN_DEPRECATED_OBJC_IMPLEMENTATIONS = YES;
				CLANG_WARN_DIRECT_OBJC_ISA_USAGE = YES_ERROR;
				CLANG_WARN_DOCUMENTATION_COMMENTS = YES;
				CLANG_WARN_EMPTY_BODY = YES;
				CLANG_WARN_ENUM_CONVERSION = YES;
				CLANG_WARN_INFINITE_RECURSION = YES;
				CLANG_WARN_INT_CONVERSION = YES;
				CLANG_WARN_NON_LITERAL_NULL_CONVERSION = YES;
				CLANG_WARN_OBJC_IMPLICIT_RETAIN_SELF = YES;
				CLANG_WARN_OBJC_LITERAL_CONVERSION = YES;
				CLANG_WARN_OBJC_ROOT_CLASS = YES_ERROR;
				CLANG_WARN_QUOTED_INCLUDE_IN_FRAMEWORK_HEADER = YES;
				CLANG_WARN_RANGE_LOOP_ANALYSIS = YES;
				CLANG_WARN_STRICT_PROTOTYPES = YES;
				CLANG_WARN_SUSPICIOUS_MOVE = YES;
				CLANG_WARN_UNGUARDED_AVAILABILITY = YES_AGGRESSIVE;
				CLANG_WARN_UNREACHABLE_CODE = YES;
				CLANG_WARN__DUPLICATE_METHOD_MATCH = YES;
				COPY_PHASE_STRIP = NO;
				DEBUG_INFORMATION_FORMAT = dwarf;
				ENABLE_STRICT_OBJC_MSGSEND = YES;
				ENABLE_TESTABILITY = YES;
				GCC_C_LANGUAGE_STANDARD = gnu11;
				GCC_DYNAMIC_NO_PIC = NO;
				GCC_NO_COMMON_BLOCKS = YES;
				GCC_OPTIMIZATION_LEVEL = 0;
				GCC_PREPROCESSOR_DEFINITIONS = (
					"DEBUG=1",
					"$(inherited)",
				);
				GCC_WARN_64_TO_32_BIT_CONVERSION = YES;
				GCC_WARN_ABOUT_RETURN_TYPE = YES_ERROR;
				GCC_WARN_UNDECLARED_SELECTOR = YES;
				GCC_WARN_UNINITIALIZED_AUTOS = YES_AGGRESSIVE;
				GCC_WARN_UNUSED_FUNCTION = YES;
				GCC_WARN_UNUSED_VARIABLE = YES;
				IPHONEOS_DEPLOYMENT_TARGET = 14.5;
				MTL_ENABLE_DEBUG_INFO = INCLUDE_SOURCE;
				MTL_FAST_MATH = YES;
				ONLY_ACTIVE_ARCH = YES;
				SDKROOT = iphoneos;
				SWIFT_ACTIVE_COMPILATION_CONDITIONS = DEBUG;
				SWIFT_OPTIMIZATION_LEVEL = "-Onone";
			};
			name = Debug;
		};
		AC6FC50126FCD61E001D8D00 /* Release */ = {
			isa = XCBuildConfiguration;
			buildSettings = {
				ALWAYS_SEARCH_USER_PATHS = NO;
				CLANG_ANALYZER_NONNULL = YES;
				CLANG_ANALYZER_NUMBER_OBJECT_CONVERSION = YES_AGGRESSIVE;
				CLANG_CXX_LANGUAGE_STANDARD = "gnu++14";
				CLANG_CXX_LIBRARY = "libc++";
				CLANG_ENABLE_MODULES = YES;
				CLANG_ENABLE_OBJC_ARC = YES;
				CLANG_ENABLE_OBJC_WEAK = YES;
				CLANG_WARN_BLOCK_CAPTURE_AUTORELEASING = YES;
				CLANG_WARN_BOOL_CONVERSION = YES;
				CLANG_WARN_COMMA = YES;
				CLANG_WARN_CONSTANT_CONVERSION = YES;
				CLANG_WARN_DEPRECATED_OBJC_IMPLEMENTATIONS = YES;
				CLANG_WARN_DIRECT_OBJC_ISA_USAGE = YES_ERROR;
				CLANG_WARN_DOCUMENTATION_COMMENTS = YES;
				CLANG_WARN_EMPTY_BODY = YES;
				CLANG_WARN_ENUM_CONVERSION = YES;
				CLANG_WARN_INFINITE_RECURSION = YES;
				CLANG_WARN_INT_CONVERSION = YES;
				CLANG_WARN_NON_LITERAL_NULL_CONVERSION = YES;
				CLANG_WARN_OBJC_IMPLICIT_RETAIN_SELF = YES;
				CLANG_WARN_OBJC_LITERAL_CONVERSION = YES;
				CLANG_WARN_OBJC_ROOT_CLASS = YES_ERROR;
				CLANG_WARN_QUOTED_INCLUDE_IN_FRAMEWORK_HEADER = YES;
				CLANG_WARN_RANGE_LOOP_ANALYSIS = YES;
				CLANG_WARN_STRICT_PROTOTYPES = YES;
				CLANG_WARN_SUSPICIOUS_MOVE = YES;
				CLANG_WARN_UNGUARDED_AVAILABILITY = YES_AGGRESSIVE;
				CLANG_WARN_UNREACHABLE_CODE = YES;
				CLANG_WARN__DUPLICATE_METHOD_MATCH = YES;
				COPY_PHASE_STRIP = NO;
				DEBUG_INFORMATION_FORMAT = "dwarf-with-dsym";
				ENABLE_NS_ASSERTIONS = NO;
				ENABLE_STRICT_OBJC_MSGSEND = YES;
				GCC_C_LANGUAGE_STANDARD = gnu11;
				GCC_NO_COMMON_BLOCKS = YES;
				GCC_WARN_64_TO_32_BIT_CONVERSION = YES;
				GCC_WARN_ABOUT_RETURN_TYPE = YES_ERROR;
				GCC_WARN_UNDECLARED_SELECTOR = YES;
				GCC_WARN_UNINITIALIZED_AUTOS = YES_AGGRESSIVE;
				GCC_WARN_UNUSED_FUNCTION = YES;
				GCC_WARN_UNUSED_VARIABLE = YES;
				IPHONEOS_DEPLOYMENT_TARGET = 14.5;
				MTL_ENABLE_DEBUG_INFO = NO;
				MTL_FAST_MATH = YES;
				SDKROOT = iphoneos;
				SWIFT_COMPILATION_MODE = wholemodule;
				SWIFT_OPTIMIZATION_LEVEL = "-O";
				VALIDATE_PRODUCT = YES;
			};
			name = Release;
		};
		AC6FC50326FCD61E001D8D00 /* Debug */ = {
			isa = XCBuildConfiguration;
			buildSettings = {
				ASSETCATALOG_COMPILER_APPICON_NAME = AppIcon;
				ASSETCATALOG_COMPILER_GLOBAL_ACCENT_COLOR_NAME = AccentColor;
				CLANG_ENABLE_MODULES = YES;
				CODE_SIGN_STYLE = Automatic;
				DEVELOPMENT_ASSET_PATHS = "\"Integration_c++/Preview Content\"";
				DEVELOPMENT_TEAM = H6D7HU33VP;
				ENABLE_PREVIEWS = YES;
				INFOPLIST_FILE = "Integration_c++/Info.plist";
				IPHONEOS_DEPLOYMENT_TARGET = 14.0;
				LD_RUNPATH_SEARCH_PATHS = (
					"$(inherited)",
					"@executable_path/Frameworks",
				);
				PRODUCT_BUNDLE_IDENTIFIER = "eeshapatel.Integration-c--";
				PRODUCT_NAME = "$(TARGET_NAME)";
				SWIFT_OBJC_BRIDGING_HEADER = "Integration_c++/Integration_c++-Bridging-Header.h";
				SWIFT_OPTIMIZATION_LEVEL = "-Onone";
				SWIFT_VERSION = 5.0;
				TARGETED_DEVICE_FAMILY = "1,2";
			};
			name = Debug;
		};
		AC6FC50426FCD61E001D8D00 /* Release */ = {
			isa = XCBuildConfiguration;
			buildSettings = {
				ASSETCATALOG_COMPILER_APPICON_NAME = AppIcon;
				ASSETCATALOG_COMPILER_GLOBAL_ACCENT_COLOR_NAME = AccentColor;
				CLANG_ENABLE_MODULES = YES;
				CODE_SIGN_STYLE = Automatic;
				DEVELOPMENT_ASSET_PATHS = "\"Integration_c++/Preview Content\"";
				DEVELOPMENT_TEAM = H6D7HU33VP;
				ENABLE_PREVIEWS = YES;
				INFOPLIST_FILE = "Integration_c++/Info.plist";
				IPHONEOS_DEPLOYMENT_TARGET = 14.0;
				LD_RUNPATH_SEARCH_PATHS = (
					"$(inherited)",
					"@executable_path/Frameworks",
				);
				PRODUCT_BUNDLE_IDENTIFIER = "eeshapatel.Integration-c--";
				PRODUCT_NAME = "$(TARGET_NAME)";
				SWIFT_OBJC_BRIDGING_HEADER = "Integration_c++/Integration_c++-Bridging-Header.h";
				SWIFT_VERSION = 5.0;
				TARGETED_DEVICE_FAMILY = "1,2";
			};
			name = Release;
		};
		AC6FC50626FCD61E001D8D00 /* Debug */ = {
			isa = XCBuildConfiguration;
			buildSettings = {
				ALWAYS_EMBED_SWIFT_STANDARD_LIBRARIES = YES;
				BUNDLE_LOADER = "$(TEST_HOST)";
				CODE_SIGN_STYLE = Automatic;
				DEVELOPMENT_TEAM = H6D7HU33VP;
				INFOPLIST_FILE = "Integration_c++Tests/Info.plist";
				IPHONEOS_DEPLOYMENT_TARGET = 14.0;
				LD_RUNPATH_SEARCH_PATHS = (
					"$(inherited)",
					"@executable_path/Frameworks",
					"@loader_path/Frameworks",
				);
				PRODUCT_BUNDLE_IDENTIFIER = "eeshapatel.Integration-c--Tests";
				PRODUCT_NAME = "$(TARGET_NAME)";
				SWIFT_VERSION = 5.0;
				TARGETED_DEVICE_FAMILY = "1,2";
				TEST_HOST = "$(BUILT_PRODUCTS_DIR)/Integration_c++.app/Integration_c++";
			};
			name = Debug;
		};
		AC6FC50726FCD61E001D8D00 /* Release */ = {
			isa = XCBuildConfiguration;
			buildSettings = {
				ALWAYS_EMBED_SWIFT_STANDARD_LIBRARIES = YES;
				BUNDLE_LOADER = "$(TEST_HOST)";
				CODE_SIGN_STYLE = Automatic;
				DEVELOPMENT_TEAM = H6D7HU33VP;
				INFOPLIST_FILE = "Integration_c++Tests/Info.plist";
				IPHONEOS_DEPLOYMENT_TARGET = 14.0;
				LD_RUNPATH_SEARCH_PATHS = (
					"$(inherited)",
					"@executable_path/Frameworks",
					"@loader_path/Frameworks",
				);
				PRODUCT_BUNDLE_IDENTIFIER = "eeshapatel.Integration-c--Tests";
				PRODUCT_NAME = "$(TARGET_NAME)";
				SWIFT_VERSION = 5.0;
				TARGETED_DEVICE_FAMILY = "1,2";
				TEST_HOST = "$(BUILT_PRODUCTS_DIR)/Integration_c++.app/Integration_c++";
			};
			name = Release;
		};
		AC6FC50926FCD61E001D8D00 /* Debug */ = {
			isa = XCBuildConfiguration;
			buildSettings = {
				ALWAYS_EMBED_SWIFT_STANDARD_LIBRARIES = YES;
				CODE_SIGN_STYLE = Automatic;
				DEVELOPMENT_TEAM = H6D7HU33VP;
				INFOPLIST_FILE = "Integration_c++UITests/Info.plist";
				LD_RUNPATH_SEARCH_PATHS = (
					"$(inherited)",
					"@executable_path/Frameworks",
					"@loader_path/Frameworks",
				);
				PRODUCT_BUNDLE_IDENTIFIER = "eeshapatel.Integration-c--UITests";
				PRODUCT_NAME = "$(TARGET_NAME)";
				SWIFT_VERSION = 5.0;
				TARGETED_DEVICE_FAMILY = "1,2";
				TEST_TARGET_NAME = "Integration_c++";
			};
			name = Debug;
		};
		AC6FC50A26FCD61E001D8D00 /* Release */ = {
			isa = XCBuildConfiguration;
			buildSettings = {
				ALWAYS_EMBED_SWIFT_STANDARD_LIBRARIES = YES;
				CODE_SIGN_STYLE = Automatic;
				DEVELOPMENT_TEAM = H6D7HU33VP;
				INFOPLIST_FILE = "Integration_c++UITests/Info.plist";
				LD_RUNPATH_SEARCH_PATHS = (
					"$(inherited)",
					"@executable_path/Frameworks",
					"@loader_path/Frameworks",
				);
				PRODUCT_BUNDLE_IDENTIFIER = "eeshapatel.Integration-c--UITests";
				PRODUCT_NAME = "$(TARGET_NAME)";
				SWIFT_VERSION = 5.0;
				TARGETED_DEVICE_FAMILY = "1,2";
				TEST_TARGET_NAME = "Integration_c++";
			};
			name = Release;
		};
/* End XCBuildConfiguration section */

/* Begin XCConfigurationList section */
		AC6FC4D826FCD61D001D8D00 /* Build configuration list for PBXProject "Integration_c++" */ = {
			isa = XCConfigurationList;
			buildConfigurations = (
				AC6FC50026FCD61E001D8D00 /* Debug */,
				AC6FC50126FCD61E001D8D00 /* Release */,
			);
			defaultConfigurationIsVisible = 0;
			defaultConfigurationName = Release;
		};
		AC6FC50226FCD61E001D8D00 /* Build configuration list for PBXNativeTarget "Integration_c++" */ = {
			isa = XCConfigurationList;
			buildConfigurations = (
				AC6FC50326FCD61E001D8D00 /* Debug */,
				AC6FC50426FCD61E001D8D00 /* Release */,
			);
			defaultConfigurationIsVisible = 0;
			defaultConfigurationName = Release;
		};
		AC6FC50526FCD61E001D8D00 /* Build configuration list for PBXNativeTarget "Integration_c++Tests" */ = {
			isa = XCConfigurationList;
			buildConfigurations = (
				AC6FC50626FCD61E001D8D00 /* Debug */,
				AC6FC50726FCD61E001D8D00 /* Release */,
			);
			defaultConfigurationIsVisible = 0;
			defaultConfigurationName = Release;
		};
		AC6FC50826FCD61E001D8D00 /* Build configuration list for PBXNativeTarget "Integration_c++UITests" */ = {
			isa = XCConfigurationList;
			buildConfigurations = (
				AC6FC50926FCD61E001D8D00 /* Debug */,
				AC6FC50A26FCD61E001D8D00 /* Release */,
			);
			defaultConfigurationIsVisible = 0;
			defaultConfigurationName = Release;
		};
/* End XCConfigurationList section */
	};
	rootObject = AC6FC4D526FCD61D001D8D00 /* Project object */;
}
